
Microsoft Visual Studio Solution File, Format Version 12.00
#
Project("{F2A71F9B-5D33-465A-A702-920D77279786}") = "Starter", "Starter.fsproj", "{8C734020-2AF9-4441-8FBD-28EECD9976C9}"
EndProject
Project("{2150E333-8FDC-42A3-9474-1A3956D46DE8}") = "Plugins", "Plugins", "{868449BD-AD20-47F5-84F4-C3BEDBBF6349}"
EndProject
Project("{F2A71F9B-5D33-465A-A702-920D77279786}") = "Starter.ApplicationSearchEngine", "Plugins\Starter.ApplicationSearchEngine\Starter.ApplicationSearchEngine.fsproj", "{8CCA533D-CFBC-41D7-ADA2-852796AAF427}"
EndProject
Project("{FAE04EC0-301F-11D3-BF4B-00C04F79EFBC}") = "Starter.SearchEngineBase", "Plugins\Starter.SearchEngineBase\Starter.SearchEngineBase.csproj", "{069CECF3-A564-4079-99E8-A19DD56A5201}"
EndProject
Global
	GlobalSection(SolutionConfigurationPlatforms) = preSolution
		Debug|Any CPU = Debug|Any CPU
		Release|Any CPU = Release|Any CPU
	EndGlobalSection
	GlobalSection(ProjectConfigurationPlatforms) = postSolution
		{8C734020-2AF9-4441-8FBD-28EECD9976C9}.Debug|Any CPU.ActiveCfg = Debug|Any CPU
		{8C734020-2AF9-4441-8FBD-28EECD9976C9}.Debug|Any CPU.Build.0 = Debug|Any CPU
		{8C734020-2AF9-4441-8FBD-28EECD9976C9}.Release|Any CPU.ActiveCfg = Release|Any CPU
		{8C734020-2AF9-4441-8FBD-28EECD9976C9}.Release|Any CPU.Build.0 = Release|Any CPU
		{8CCA533D-CFBC-41D7-ADA2-852796AAF427}.Debug|Any CPU.ActiveCfg = Debug|Any CPU
		{8CCA533D-CFBC-41D7-ADA2-852796AAF427}.Debug|Any CPU.Build.0 = Debug|Any CPU
		{8CCA533D-CFBC-41D7-ADA2-852796AAF427}.Release|Any CPU.ActiveCfg = Release|Any CPU
		{8CCA533D-CFBC-41D7-ADA2-852796AAF427}.Release|Any CPU.Build.0 = Release|Any CPU
		{069CECF3-A564-4079-99E8-A19DD56A5201}.Debug|Any CPU.ActiveCfg = Debug|Any CPU
		{069CECF3-A564-4079-99E8-A19DD56A5201}.Release|Any CPU.ActiveCfg = Release|Any CPU
		{069CECF3-A564-4079-99E8-A19DD56A5201}.Release|Any CPU.Build.0 = Release|Any CPU
		{069CECF3-A564-4079-99E8-A19DD56A5201}.Debug|Any CPU.Build.0 = Debug|Any CPU
	EndGlobalSection
	GlobalSection(NestedProjects) = preSolution
		{8CCA533D-CFBC-41D7-ADA2-852796AAF427} = {868449BD-AD20-47F5-84F4-C3BEDBBF6349}
		{069CECF3-A564-4079-99E8-A19DD56A5201} = {868449BD-AD20-47F5-84F4-C3BEDBBF6349}
	EndGlobalSection
EndGlobal
